#
# This file is autogenerated by pip-compile with Python 3.11
# by the following command:
#
#    pip-compile --constraint=constraints-unified.txt --output-file=requirements.lock all.in
#
alembic==1.16.4
    # via
    #   -c constraints-unified.txt
    #   -r database.in
annotated-types==0.7.0
    # via pydantic
anyio==4.10.0
    # via
    #   httpx
    #   litestar
    #   openai
    #   watchfiles
appdirs==1.4.4
    # via iterative-telemetry
attrs==25.3.0
    # via
    #   outcome
    #   trio
authlib==1.6.1
    # via safety
bandit==1.8.6
    # via
    #   -c constraints-unified.txt
    #   -r dev.in
beautifulsoup4==4.13.4
    # via -r base.in
bidict==0.23.1
    # via python-socketio
black==24.2.0
    # via
    #   -c constraints-unified.txt
    #   -r dev.in
blinker==1.9.0
    # via
    #   -r web.in
    #   flask
brotli==1.1.0
    # via
    #   flask-compress
    #   geventhttpclient
certifi==2025.8.3
    # via
    #   evidently
    #   geventhttpclient
    #   httpcore
    #   httpx
    #   requests
    #   selenium
cffi==1.17.1
    # via cryptography
cfgv==3.4.0
    # via pre-commit
charset-normalizer==3.4.3
    # via requests
click==8.2.1
    # via
    #   black
    #   flask
    #   litestar
    #   nltk
    #   rich-click
    #   safety
    #   typer
    #   uvicorn
cloudpickle==3.1.1
    # via shap
configargparse==1.7.1
    # via
    #   locust
    #   locust-cloud
contourpy==1.3.3
    # via matplotlib
coverage[toml]==7.10.4
    # via
    #   -r test.in
    #   pytest-cov
cryptography==45.0.6
    # via
    #   authlib
    #   evidently
cycler==0.12.1
    # via matplotlib
deprecation==2.1.0
    # via evidently
distlib==0.4.0
    # via virtualenv
distro==1.9.0
    # via
    #   iterative-telemetry
    #   openai
dparse==0.6.4
    # via
    #   safety
    #   safety-schemas
dynaconf==3.2.11
    # via evidently
evidently==0.7.12
    # via -r ml.in
execnet==2.1.1
    # via pytest-xdist
factory-boy==3.3.3
    # via -r test.in
faker==37.5.3
    # via
    #   -r test.in
    #   factory-boy
    #   polyfactory
fakeredis==2.31.0
    # via -r test.in
filelock==3.16.1
    # via
    #   iterative-telemetry
    #   safety
    #   virtualenv
flake8==7.3.0
    # via -r dev.in
flask==3.1.1
    # via
    #   -c constraints-unified.txt
    #   -r web.in
    #   flask-assets
    #   flask-compress
    #   flask-cors
    #   flask-login
    #   locust
    #   pytest-flask
flask-assets==2.1.0
    # via -r web.in
flask-compress==1.18
    # via -r web.in
flask-cors==6.0.1
    # via
    #   -r web.in
    #   locust
flask-login==0.6.3
    # via
    #   -r web.in
    #   locust
fonttools==4.59.1
    # via matplotlib
freezegun==1.5.5
    # via -r test.in
fsspec==2025.7.0
    # via evidently
gevent==25.5.1
    # via
    #   -r perf.in
    #   geventhttpclient
    #   locust
    #   locust-cloud
geventhttpclient==2.3.4
    # via
    #   -r perf.in
    #   locust
greenlet==3.2.4
    # via
    #   gevent
    #   playwright
    #   sqlalchemy
h11==0.16.0
    # via
    #   httpcore
    #   uvicorn
    #   wsproto
httpcore==1.0.9
    # via httpx
httptools==0.6.4
    # via uvicorn
httpx==0.28.1
    # via
    #   -c constraints-unified.txt
    #   -r base.in
    #   litestar
    #   openai
    #   safety
identify==2.6.13
    # via pre-commit
idna==3.10
    # via
    #   anyio
    #   httpx
    #   requests
    #   trio
iniconfig==2.1.0
    # via pytest
isort==6.0.1
    # via -r dev.in
iterative-telemetry==0.0.10
    # via evidently
itsdangerous==2.2.0
    # via
    #   -r web.in
    #   flask
jinja2==3.1.6
    # via
    #   -r web.in
    #   flask
    #   safety
joblib==1.5.1
    # via
    #   -r ml.in
    #   nltk
    #   scikit-learn
kiwisolver==1.4.9
    # via matplotlib
lightgbm==4.6.0
    # via
    #   -c constraints-unified.txt
    #   -r ml.in
litestar==2.17.0
    # via evidently
litestar-htmx==0.5.0
    # via litestar
llvmlite==0.44.0
    # via
    #   -c constraints-unified.txt
    #   -r ml.in
    #   numba
locust==2.38.0
    # via
    #   -c constraints-unified.txt
    #   -r perf.in
locust-cloud==1.26.3
    # via locust
lxml==6.0.0
    # via -r base.in
mako==1.3.10
    # via alembic
markdown-it-py==4.0.0
    # via rich
markupsafe==3.0.2
    # via
    #   -r web.in
    #   flask
    #   jinja2
    #   mako
    #   werkzeug
marshmallow==4.0.0
    # via safety
matplotlib==3.10.5
    # via
    #   -r ml.in
    #   seaborn
mccabe==0.7.0
    # via flake8
mdurl==0.1.2
    # via markdown-it-py
msgpack==1.1.1
    # via locust
msgspec==0.19.0
    # via litestar
multidict==6.6.4
    # via litestar
multipart==1.3.0
    # via litestar
mypy==1.17.1
    # via -r dev.in
mypy-extensions==1.1.0
    # via
    #   black
    #   mypy
    #   typing-inspect
nltk==3.9.1
    # via
    #   evidently
    #   safety
nodeenv==1.9.1
    # via pre-commit
numba==0.61.2
    # via
    #   -c constraints-unified.txt
    #   -r ml.in
    #   shap
numpy==1.26.4
    # via
    #   -c constraints-unified.txt
    #   -r base.in
    #   -r ml.in
    #   contourpy
    #   evidently
    #   lightgbm
    #   matplotlib
    #   numba
    #   pandas
    #   patsy
    #   scikit-learn
    #   scipy
    #   seaborn
    #   shap
    #   statsmodels
    #   xgboost
openai==1.13.3
    # via
    #   -c constraints-unified.txt
    #   -r ml.in
outcome==1.3.0.post0
    # via
    #   trio
    #   trio-websocket
packaging==25.0
    # via
    #   black
    #   deprecation
    #   dparse
    #   matplotlib
    #   plotly
    #   pytesseract
    #   pytest
    #   safety
    #   safety-schemas
    #   shap
    #   statsmodels
    #   webdriver-manager
pandas[parquet]==2.3.1
    # via
    #   -c constraints-unified.txt
    #   -r base.in
    #   -r ml.in
    #   evidently
    #   seaborn
    #   shap
    #   statsmodels
pathspec==0.12.1
    # via
    #   black
    #   mypy
patsy==1.0.1
    # via statsmodels
pbr==7.0.1
    # via stevedore
pillow==11.3.0
    # via
    #   matplotlib
    #   pytesseract
platformdirs==4.3.8
    # via
    #   black
    #   locust-cloud
    #   virtualenv
playwright==1.54.0
    # via
    #   -c constraints-unified.txt
    #   -r base.in
    #   -r test.in
plotly==5.24.1
    # via
    #   -r ml.in
    #   evidently
pluggy==1.6.0
    # via
    #   pytest
    #   pytest-cov
polyfactory==2.22.2
    # via litestar
pre-commit==4.3.0
    # via -r dev.in
psutil==6.1.1
    # via
    #   -r base.in
    #   locust
    #   safety
pyarrow==21.0.0
    # via
    #   -c constraints-unified.txt
    #   -r ml.in
    #   pandas
pycodestyle==2.14.0
    # via flake8
pycparser==2.22
    # via cffi
pydantic==2.9.2
    # via
    #   -r base.in
    #   evidently
    #   openai
    #   safety
    #   safety-schemas
pydantic-core==2.23.4
    # via pydantic
pyee==13.0.0
    # via playwright
pyflakes==3.4.0
    # via flake8
pygments==2.19.2
    # via
    #   pytest
    #   rich
pyparsing==3.2.3
    # via matplotlib
pysocks==1.7.1
    # via urllib3
pytesseract==0.3.13
    # via -r base.in
pytest==8.4.1
    # via
    #   -c constraints-unified.txt
    #   -r test.in
    #   pytest-asyncio
    #   pytest-cov
    #   pytest-flask
    #   pytest-xdist
pytest-asyncio==1.1.0
    # via -r test.in
pytest-cov==6.2.1
    # via -r test.in
pytest-flask==1.3.0
    # via -r test.in
pytest-xdist==3.8.0
    # via -r test.in
python-dateutil==2.9.0.post0
    # via
    #   freezegun
    #   matplotlib
    #   pandas
python-dotenv==1.0.1
    # via
    #   -r base.in
    #   uvicorn
    #   webdriver-manager
python-engineio==4.12.2
    # via
    #   locust-cloud
    #   python-socketio
python-socketio[client]==5.13.0
    # via locust-cloud
pytz==2025.2
    # via
    #   -r base.in
    #   pandas
pyyaml==6.0.2
    # via
    #   bandit
    #   evidently
    #   litestar
    #   pre-commit
    #   responses
    #   uvicorn
    #   webassets
pyzmq==27.0.2
    # via locust
pyzstd==0.17.0
    # via flask-compress
redis==6.2.0
    # via
    #   -c constraints-unified.txt
    #   -r worker.in
    #   fakeredis
regex==2025.7.34
    # via nltk
requests==2.32.4
    # via
    #   -c constraints-unified.txt
    #   -r base.in
    #   evidently
    #   iterative-telemetry
    #   locust
    #   python-socketio
    #   responses
    #   safety
    #   webdriver-manager
responses==0.25.8
    # via -r test.in
rich==14.1.0
    # via
    #   bandit
    #   evidently
    #   litestar
    #   rich-click
    #   typer
rich-click==1.8.9
    # via litestar
ruamel-yaml==0.18.15
    # via
    #   safety
    #   safety-schemas
ruamel-yaml-clib==0.2.12
    # via ruamel-yaml
safety==3.6.0
    # via
    #   -c constraints-unified.txt
    #   -r dev.in
safety-schemas==0.0.14
    # via safety
schedule==1.2.2
    # via -r base.in
scikit-learn==1.7.1
    # via
    #   -c constraints-unified.txt
    #   -r ml.in
    #   evidently
    #   shap
scipy==1.16.1
    # via
    #   -c constraints-unified.txt
    #   -r ml.in
    #   evidently
    #   lightgbm
    #   scikit-learn
    #   shap
    #   statsmodels
    #   xgboost
seaborn==0.13.2
    # via -r ml.in
selenium==4.34.2
    # via
    #   -c constraints-unified.txt
    #   -r base.in
shap==0.48.0
    # via
    #   -c constraints-unified.txt
    #   -r ml.in
shellingham==1.5.4
    # via typer
simple-websocket==1.1.0
    # via python-engineio
six==1.17.0
    # via python-dateutil
slicer==0.0.8
    # via shap
sniffio==1.3.1
    # via
    #   anyio
    #   openai
    #   trio
sortedcontainers==2.4.0
    # via
    #   fakeredis
    #   trio
soupsieve==2.7
    # via
    #   -r base.in
    #   beautifulsoup4
sqlalchemy==2.0.42
    # via
    #   -c constraints-unified.txt
    #   -r database.in
    #   alembic
    #   sqlalchemy-utils
sqlalchemy-utils==0.41.2
    # via -r database.in
statsmodels==0.14.5
    # via
    #   -c constraints-unified.txt
    #   -r ml.in
    #   evidently
stevedore==5.4.1
    # via bandit
tenacity==8.5.0
    # via
    #   -r base.in
    #   plotly
    #   safety
threadpoolctl==3.6.0
    # via scikit-learn
tomlkit==0.13.3
    # via safety
tqdm==4.67.1
    # via
    #   -r base.in
    #   nltk
    #   openai
    #   shap
trio==0.30.0
    # via
    #   selenium
    #   trio-websocket
trio-websocket==0.12.2
    # via selenium
typer==0.16.1
    # via
    #   evidently
    #   safety
typing-extensions==4.14.1
    # via
    #   alembic
    #   anyio
    #   beautifulsoup4
    #   litestar
    #   mypy
    #   openai
    #   polyfactory
    #   pydantic
    #   pydantic-core
    #   pyee
    #   pyzstd
    #   rich-click
    #   safety
    #   safety-schemas
    #   selenium
    #   shap
    #   sqlalchemy
    #   typer
    #   typing-inspect
    #   typing-inspection
typing-inspect==0.9.0
    # via evidently
tzdata==2025.2
    # via
    #   faker
    #   pandas
ujson==5.11.0
    # via evidently
urllib3[socks]==2.5.0
    # via
    #   -c constraints-unified.txt
    #   -r base.in
    #   evidently
    #   geventhttpclient
    #   requests
    #   responses
    #   selenium
uuid6==2025.0.1
    # via evidently
uvicorn[standard]==0.35.0
    # via evidently
uvloop==0.21.0
    # via uvicorn
virtualenv==20.34.0
    # via pre-commit
watchdog==6.0.0
    # via evidently
watchfiles==1.1.0
    # via uvicorn
webassets==3.0.0
    # via flask-assets
webdriver-manager==4.0.2
    # via -r base.in
websocket-client==1.8.0
    # via
    #   python-socketio
    #   selenium
websockets==15.0.1
    # via uvicorn
werkzeug==3.1.3
    # via
    #   -r web.in
    #   flask
    #   flask-cors
    #   flask-login
    #   locust
    #   pytest-flask
wsproto==1.2.0
    # via
    #   simple-websocket
    #   trio-websocket
xgboost==3.0.3
    # via
    #   -c constraints-unified.txt
    #   -r ml.in
zope-dottedname==6.1
    # via webassets
zope-event==5.1.1
    # via gevent
zope-interface==7.2
    # via gevent

# The following packages are considered to be unsafe in a requirements file:
# setuptools
